
Microsoft Visual Studio Solution File, Format Version 12.00
Project("{FAE04EC0-301F-11D3-BF4B-00C04F79EFBC}") = "TropicalExpress.Domain", "TropicalExpress.Domain\TropicalExpress.Domain.csproj", "{44B34891-2082-439B-94BA-E32C97A9CD6A}"
EndProject
Project("{FAE04EC0-301F-11D3-BF4B-00C04F79EFBC}") = "TropicalExpress.Api", "TropicalExpress.Api\TropicalExpress.Api.csproj", "{7190F7BD-AAF7-490C-BE7E-3D9D47834F85}"
EndProject
Project("{FAE04EC0-301F-11D3-BF4B-00C04F79EFBC}") = "TropicalExpress.Tests", "TropicalExpress.Tests\TropicalExpress.Tests.csproj", "{CF60206C-5634-4D7E-A334-0D8A8701C2B3}"
EndProject
Project("{FAE04EC0-301F-11D3-BF4B-00C04F79EFBC}") = "TropicalExpress.Infrastructure", "TropicalExpress.Infrastructure\TropicalExpress.Infrastructure.csproj", "{7FE35D96-BCF4-4B5E-BAA5-B22D70840582}"
EndProject
Global
	GlobalSection(SolutionConfigurationPlatforms) = preSolution
		Debug|Any CPU = Debug|Any CPU
		Release|Any CPU = Release|Any CPU
	EndGlobalSection
	GlobalSection(ProjectConfigurationPlatforms) = postSolution
		{44B34891-2082-439B-94BA-E32C97A9CD6A}.Debug|Any CPU.ActiveCfg = Debug|Any CPU
		{44B34891-2082-439B-94BA-E32C97A9CD6A}.Debug|Any CPU.Build.0 = Debug|Any CPU
		{44B34891-2082-439B-94BA-E32C97A9CD6A}.Release|Any CPU.ActiveCfg = Release|Any CPU
		{44B34891-2082-439B-94BA-E32C97A9CD6A}.Release|Any CPU.Build.0 = Release|Any CPU
		{7190F7BD-AAF7-490C-BE7E-3D9D47834F85}.Debug|Any CPU.ActiveCfg = Debug|Any CPU
		{7190F7BD-AAF7-490C-BE7E-3D9D47834F85}.Debug|Any CPU.Build.0 = Debug|Any CPU
		{7190F7BD-AAF7-490C-BE7E-3D9D47834F85}.Release|Any CPU.ActiveCfg = Release|Any CPU
		{7190F7BD-AAF7-490C-BE7E-3D9D47834F85}.Release|Any CPU.Build.0 = Release|Any CPU
		{CF60206C-5634-4D7E-A334-0D8A8701C2B3}.Debug|Any CPU.ActiveCfg = Debug|Any CPU
		{CF60206C-5634-4D7E-A334-0D8A8701C2B3}.Debug|Any CPU.Build.0 = Debug|Any CPU
		{CF60206C-5634-4D7E-A334-0D8A8701C2B3}.Release|Any CPU.ActiveCfg = Release|Any CPU
		{CF60206C-5634-4D7E-A334-0D8A8701C2B3}.Release|Any CPU.Build.0 = Release|Any CPU
		{7FE35D96-BCF4-4B5E-BAA5-B22D70840582}.Debug|Any CPU.ActiveCfg = Debug|Any CPU
		{7FE35D96-BCF4-4B5E-BAA5-B22D70840582}.Debug|Any CPU.Build.0 = Debug|Any CPU
		{7FE35D96-BCF4-4B5E-BAA5-B22D70840582}.Release|Any CPU.ActiveCfg = Release|Any CPU
		{7FE35D96-BCF4-4B5E-BAA5-B22D70840582}.Release|Any CPU.Build.0 = Release|Any CPU
	EndGlobalSection
EndGlobal
